
Microsoft Visual Studio Solution File, Format Version 12.00
# Visual Studio 15
VisualStudioVersion = 15.0.28307.1082
MinimumVisualStudioVersion = 10.0.40219.1
Project("{FAE04EC0-301F-11D3-BF4B-00C04F79EFBC}") = "AutoPushDevice", "AutoPushDevice\AutoPushDevice.csproj", "{FA1958FF-B5B3-499D-BFDC-540BF9143E03}"
EndProject
Global
	GlobalSection(SolutionConfigurationPlatforms) = preSolution
		Debug|Any CPU = Debug|Any CPU
		Release|Any CPU = Release|Any CPU
	EndGlobalSection
	GlobalSection(ProjectConfigurationPlatforms) = postSolution
		{FA1958FF-B5B3-499D-BFDC-540BF9143E03}.Debug|Any CPU.ActiveCfg = Debug|Any CPU
		{FA1958FF-B5B3-499D-BFDC-540BF9143E03}.Debug|Any CPU.Build.0 = Debug|Any CPU
		{FA1958FF-B5B3-499D-BFDC-540BF9143E03}.Release|Any CPU.ActiveCfg = Release|Any CPU
		{FA1958FF-B5B3-499D-BFDC-540BF9143E03}.Release|Any CPU.Build.0 = Release|Any CPU
	EndGlobalSection
	GlobalSection(SolutionProperties) = preSolution
		HideSolutionNode = FALSE
	EndGlobalSection
	GlobalSection(ExtensibilityGlobals) = postSolution
		SolutionGuid = {39899924-3684-457A-8FBC-49D58E610647}
	EndGlobalSection
EndGlobal
